
Microsoft Visual Studio Solution File, Format Version 12.00
# Visual Studio Version 17
VisualStudioVersion = 17.12.35707.178 d17.12
MinimumVisualStudioVersion = 10.0.40219.1
Project("{2150E333-8FDC-42A3-9474-1A3956D46DE8}") = "src", "src", "{0682F00F-8725-41DC-A6E0-3197EE936DDF}"
EndProject
Project("{2150E333-8FDC-42A3-9474-1A3956D46DE8}") = "common", "common", "{185361C6-EF83-4E4B-9B70-AE5E5585EC23}"
EndProject
Project("{2150E333-8FDC-42A3-9474-1A3956D46DE8}") = "Services", "Services", "{C7F7C5EB-D125-438B-BB4C-3B6D962C3901}"
EndProject
Project("{2150E333-8FDC-42A3-9474-1A3956D46DE8}") = "BascketService", "BascketService", "{65FC8C8A-4628-4D64-A77C-E2C7A8CBF51D}"
EndProject
Project("{2150E333-8FDC-42A3-9474-1A3956D46DE8}") = "IDPService", "IDPService", "{A6EF98E3-79E0-420D-81B3-5B35549EF62E}"
EndProject
Project("{2150E333-8FDC-42A3-9474-1A3956D46DE8}") = "CatalogService", "CatalogService", "{F701B7D7-7EC3-4DA9-8D29-4B235E3462D3}"
EndProject
Project("{2150E333-8FDC-42A3-9474-1A3956D46DE8}") = "ReportService", "ReportService", "{8E49F6A7-7794-491E-9EE6-4258F039639C}"
EndProject
Project("{2150E333-8FDC-42A3-9474-1A3956D46DE8}") = "OrderService", "OrderService", "{98AC5A19-4F83-4552-8D44-14E47C1E0889}"
EndProject
Project("{2150E333-8FDC-42A3-9474-1A3956D46DE8}") = "SearchService", "SearchService", "{62A254D8-D363-4C59-9B72-3FA3C2AA1C7D}"
EndProject
Project("{FAE04EC0-301F-11D3-BF4B-00C04F79EFBC}") = "DPI.Api", "src\Services\IDPService\DPI.Api\DPI.Api.csproj", "{1073AEE0-8AAE-419F-963D-98E2A2661854}"
EndProject
Project("{FAE04EC0-301F-11D3-BF4B-00C04F79EFBC}") = "IDP.Domain", "src\Services\IDPService\IDP.Domain\IDP.Domain.csproj", "{A2C13AB5-8E63-410F-A974-423863BD1ED7}"
EndProject
Project("{FAE04EC0-301F-11D3-BF4B-00C04F79EFBC}") = "IDP.Application", "src\Services\IDPService\IDP.Application\IDP.Application.csproj", "{8F2403DA-01CC-41EE-8063-E19A727DA75A}"
EndProject
Project("{FAE04EC0-301F-11D3-BF4B-00C04F79EFBC}") = "IDP.Infra", "src\Services\IDPService\IDP.Infra\IDP.Infra.csproj", "{19F6BE6A-0A61-4570-826A-307A109DDC9D}"
EndProject
Project("{FAE04EC0-301F-11D3-BF4B-00C04F79EFBC}") = "IDP.Ioc", "src\Services\IDPService\IDP.Ioc\IDP.Ioc.csproj", "{A3BF233F-E377-44EF-AA6E-B6666E5AF1E9}"
EndProject
Project("{FAE04EC0-301F-11D3-BF4B-00C04F79EFBC}") = "IDP.UnitTest", "src\Services\IDPService\IDP.UnitTest\IDP.UnitTest.csproj", "{3B3C9905-0D6E-422A-BA59-2698F72D1E31}"
EndProject
Project("{2150E333-8FDC-42A3-9474-1A3956D46DE8}") = "ApiGateway", "ApiGateway", "{CA9CF3E7-F15A-4AF0-B963-ABF708E6C4E4}"
EndProject
Project("{FAE04EC0-301F-11D3-BF4B-00C04F79EFBC}") = "Auth", "Common\Auth\Auth.csproj", "{05B9B32B-4188-46E9-B003-4C1420173266}"
EndProject
Global
	GlobalSection(SolutionConfigurationPlatforms) = preSolution
		Debug|Any CPU = Debug|Any CPU
		Release|Any CPU = Release|Any CPU
	EndGlobalSection
	GlobalSection(ProjectConfigurationPlatforms) = postSolution
		{1073AEE0-8AAE-419F-963D-98E2A2661854}.Debug|Any CPU.ActiveCfg = Debug|Any CPU
		{1073AEE0-8AAE-419F-963D-98E2A2661854}.Debug|Any CPU.Build.0 = Debug|Any CPU
		{1073AEE0-8AAE-419F-963D-98E2A2661854}.Release|Any CPU.ActiveCfg = Release|Any CPU
		{1073AEE0-8AAE-419F-963D-98E2A2661854}.Release|Any CPU.Build.0 = Release|Any CPU
		{A2C13AB5-8E63-410F-A974-423863BD1ED7}.Debug|Any CPU.ActiveCfg = Debug|Any CPU
		{A2C13AB5-8E63-410F-A974-423863BD1ED7}.Debug|Any CPU.Build.0 = Debug|Any CPU
		{A2C13AB5-8E63-410F-A974-423863BD1ED7}.Release|Any CPU.ActiveCfg = Release|Any CPU
		{A2C13AB5-8E63-410F-A974-423863BD1ED7}.Release|Any CPU.Build.0 = Release|Any CPU
		{8F2403DA-01CC-41EE-8063-E19A727DA75A}.Debug|Any CPU.ActiveCfg = Debug|Any CPU
		{8F2403DA-01CC-41EE-8063-E19A727DA75A}.Debug|Any CPU.Build.0 = Debug|Any CPU
		{8F2403DA-01CC-41EE-8063-E19A727DA75A}.Release|Any CPU.ActiveCfg = Release|Any CPU
		{8F2403DA-01CC-41EE-8063-E19A727DA75A}.Release|Any CPU.Build.0 = Release|Any CPU
		{19F6BE6A-0A61-4570-826A-307A109DDC9D}.Debug|Any CPU.ActiveCfg = Debug|Any CPU
		{19F6BE6A-0A61-4570-826A-307A109DDC9D}.Debug|Any CPU.Build.0 = Debug|Any CPU
		{19F6BE6A-0A61-4570-826A-307A109DDC9D}.Release|Any CPU.ActiveCfg = Release|Any CPU
		{19F6BE6A-0A61-4570-826A-307A109DDC9D}.Release|Any CPU.Build.0 = Release|Any CPU
		{A3BF233F-E377-44EF-AA6E-B6666E5AF1E9}.Debug|Any CPU.ActiveCfg = Debug|Any CPU
		{A3BF233F-E377-44EF-AA6E-B6666E5AF1E9}.Debug|Any CPU.Build.0 = Debug|Any CPU
		{A3BF233F-E377-44EF-AA6E-B6666E5AF1E9}.Release|Any CPU.ActiveCfg = Release|Any CPU
		{A3BF233F-E377-44EF-AA6E-B6666E5AF1E9}.Release|Any CPU.Build.0 = Release|Any CPU
		{3B3C9905-0D6E-422A-BA59-2698F72D1E31}.Debug|Any CPU.ActiveCfg = Debug|Any CPU
		{3B3C9905-0D6E-422A-BA59-2698F72D1E31}.Debug|Any CPU.Build.0 = Debug|Any CPU
		{3B3C9905-0D6E-422A-BA59-2698F72D1E31}.Release|Any CPU.ActiveCfg = Release|Any CPU
		{3B3C9905-0D6E-422A-BA59-2698F72D1E31}.Release|Any CPU.Build.0 = Release|Any CPU
		{05B9B32B-4188-46E9-B003-4C1420173266}.Debug|Any CPU.ActiveCfg = Debug|Any CPU
		{05B9B32B-4188-46E9-B003-4C1420173266}.Debug|Any CPU.Build.0 = Debug|Any CPU
		{05B9B32B-4188-46E9-B003-4C1420173266}.Release|Any CPU.ActiveCfg = Release|Any CPU
		{05B9B32B-4188-46E9-B003-4C1420173266}.Release|Any CPU.Build.0 = Release|Any CPU
	EndGlobalSection
	GlobalSection(SolutionProperties) = preSolution
		HideSolutionNode = FALSE
	EndGlobalSection
	GlobalSection(NestedProjects) = preSolution
		{185361C6-EF83-4E4B-9B70-AE5E5585EC23} = {0682F00F-8725-41DC-A6E0-3197EE936DDF}
		{C7F7C5EB-D125-438B-BB4C-3B6D962C3901} = {0682F00F-8725-41DC-A6E0-3197EE936DDF}
		{65FC8C8A-4628-4D64-A77C-E2C7A8CBF51D} = {C7F7C5EB-D125-438B-BB4C-3B6D962C3901}
		{A6EF98E3-79E0-420D-81B3-5B35549EF62E} = {C7F7C5EB-D125-438B-BB4C-3B6D962C3901}
		{F701B7D7-7EC3-4DA9-8D29-4B235E3462D3} = {C7F7C5EB-D125-438B-BB4C-3B6D962C3901}
		{8E49F6A7-7794-491E-9EE6-4258F039639C} = {C7F7C5EB-D125-438B-BB4C-3B6D962C3901}
		{98AC5A19-4F83-4552-8D44-14E47C1E0889} = {C7F7C5EB-D125-438B-BB4C-3B6D962C3901}
		{62A254D8-D363-4C59-9B72-3FA3C2AA1C7D} = {C7F7C5EB-D125-438B-BB4C-3B6D962C3901}
		{1073AEE0-8AAE-419F-963D-98E2A2661854} = {A6EF98E3-79E0-420D-81B3-5B35549EF62E}
		{A2C13AB5-8E63-410F-A974-423863BD1ED7} = {A6EF98E3-79E0-420D-81B3-5B35549EF62E}
		{8F2403DA-01CC-41EE-8063-E19A727DA75A} = {A6EF98E3-79E0-420D-81B3-5B35549EF62E}
		{19F6BE6A-0A61-4570-826A-307A109DDC9D} = {A6EF98E3-79E0-420D-81B3-5B35549EF62E}
		{A3BF233F-E377-44EF-AA6E-B6666E5AF1E9} = {A6EF98E3-79E0-420D-81B3-5B35549EF62E}
		{3B3C9905-0D6E-422A-BA59-2698F72D1E31} = {A6EF98E3-79E0-420D-81B3-5B35549EF62E}
		{CA9CF3E7-F15A-4AF0-B963-ABF708E6C4E4} = {C7F7C5EB-D125-438B-BB4C-3B6D962C3901}
		{05B9B32B-4188-46E9-B003-4C1420173266} = {185361C6-EF83-4E4B-9B70-AE5E5585EC23}
	EndGlobalSection
EndGlobal
